
Microsoft Visual Studio Solution File, Format Version 12.00
# Visual Studio Version 17
VisualStudioVersion = 17.11.35327.3
MinimumVisualStudioVersion = 10.0.40219.1
Project("{FAE04EC0-301F-11D3-BF4B-00C04F79EFBC}") = "HashTableChaining", "HashTableLab\HashTableChaining.csproj", "{E3480C3C-BEFB-4459-829E-3C96CC55BEC1}"
EndProject
Project("{FAE04EC0-301F-11D3-BF4B-00C04F79EFBC}") = "LinkedListHashTablexUnitTests", "HashTablexUnitTests\LinkedListHashTablexUnitTests.csproj", "{04466307-1676-48E8-BAE4-9B8A7BA154A3}"
EndProject
Project("{FAE04EC0-301F-11D3-BF4B-00C04F79EFBC}") = "ListHashTablexUnitTests", "ListHashTablexUnitTests\ListHashTablexUnitTests.csproj", "{DB34CB98-A4A4-468C-9E83-17B5A3C4FB37}"
EndProject
Project("{FAE04EC0-301F-11D3-BF4B-00C04F79EFBC}") = "ArrayHashTablexUnitTests", "ArrayHashTablexUnitTests\ArrayHashTablexUnitTests.csproj", "{FCEA245E-9574-4000-B04B-F53AFF4DBF5A}"
EndProject
Project("{FAE04EC0-301F-11D3-BF4B-00C04F79EFBC}") = "HashTableOpenAddressing", "HashTableOpenAddressing\HashTableOpenAddressing.csproj", "{D83C5AA1-4500-41CF-AFD3-DBB98F199141}"
EndProject
Project("{FAE04EC0-301F-11D3-BF4B-00C04F79EFBC}") = "QuadraticProbingxUnitTests", "QuadraticProbingxUnitTests\QuadraticProbingxUnitTests.csproj", "{EF319276-E5E9-4A2D-8A88-B6A96B2EC8BA}"
EndProject
Project("{FAE04EC0-301F-11D3-BF4B-00C04F79EFBC}") = "HashFunctionsxUnitTests", "HashFunctionsxUnitTests\HashFunctionsxUnitTests.csproj", "{7B4EA231-DA96-45FF-A7B1-C70F5CD4A436}"
EndProject
Global
	GlobalSection(SolutionConfigurationPlatforms) = preSolution
		Debug|Any CPU = Debug|Any CPU
		Release|Any CPU = Release|Any CPU
	EndGlobalSection
	GlobalSection(ProjectConfigurationPlatforms) = postSolution
		{E3480C3C-BEFB-4459-829E-3C96CC55BEC1}.Debug|Any CPU.ActiveCfg = Debug|Any CPU
		{E3480C3C-BEFB-4459-829E-3C96CC55BEC1}.Debug|Any CPU.Build.0 = Debug|Any CPU
		{E3480C3C-BEFB-4459-829E-3C96CC55BEC1}.Release|Any CPU.ActiveCfg = Release|Any CPU
		{E3480C3C-BEFB-4459-829E-3C96CC55BEC1}.Release|Any CPU.Build.0 = Release|Any CPU
		{04466307-1676-48E8-BAE4-9B8A7BA154A3}.Debug|Any CPU.ActiveCfg = Debug|Any CPU
		{04466307-1676-48E8-BAE4-9B8A7BA154A3}.Debug|Any CPU.Build.0 = Debug|Any CPU
		{04466307-1676-48E8-BAE4-9B8A7BA154A3}.Release|Any CPU.ActiveCfg = Release|Any CPU
		{04466307-1676-48E8-BAE4-9B8A7BA154A3}.Release|Any CPU.Build.0 = Release|Any CPU
		{DB34CB98-A4A4-468C-9E83-17B5A3C4FB37}.Debug|Any CPU.ActiveCfg = Debug|Any CPU
		{DB34CB98-A4A4-468C-9E83-17B5A3C4FB37}.Debug|Any CPU.Build.0 = Debug|Any CPU
		{DB34CB98-A4A4-468C-9E83-17B5A3C4FB37}.Release|Any CPU.ActiveCfg = Release|Any CPU
		{DB34CB98-A4A4-468C-9E83-17B5A3C4FB37}.Release|Any CPU.Build.0 = Release|Any CPU
		{FCEA245E-9574-4000-B04B-F53AFF4DBF5A}.Debug|Any CPU.ActiveCfg = Debug|Any CPU
		{FCEA245E-9574-4000-B04B-F53AFF4DBF5A}.Debug|Any CPU.Build.0 = Debug|Any CPU
		{FCEA245E-9574-4000-B04B-F53AFF4DBF5A}.Release|Any CPU.ActiveCfg = Release|Any CPU
		{FCEA245E-9574-4000-B04B-F53AFF4DBF5A}.Release|Any CPU.Build.0 = Release|Any CPU
		{D83C5AA1-4500-41CF-AFD3-DBB98F199141}.Debug|Any CPU.ActiveCfg = Debug|Any CPU
		{D83C5AA1-4500-41CF-AFD3-DBB98F199141}.Debug|Any CPU.Build.0 = Debug|Any CPU
		{D83C5AA1-4500-41CF-AFD3-DBB98F199141}.Release|Any CPU.ActiveCfg = Release|Any CPU
		{D83C5AA1-4500-41CF-AFD3-DBB98F199141}.Release|Any CPU.Build.0 = Release|Any CPU
		{EF319276-E5E9-4A2D-8A88-B6A96B2EC8BA}.Debug|Any CPU.ActiveCfg = Debug|Any CPU
		{EF319276-E5E9-4A2D-8A88-B6A96B2EC8BA}.Debug|Any CPU.Build.0 = Debug|Any CPU
		{EF319276-E5E9-4A2D-8A88-B6A96B2EC8BA}.Release|Any CPU.ActiveCfg = Release|Any CPU
		{EF319276-E5E9-4A2D-8A88-B6A96B2EC8BA}.Release|Any CPU.Build.0 = Release|Any CPU
		{7B4EA231-DA96-45FF-A7B1-C70F5CD4A436}.Debug|Any CPU.ActiveCfg = Debug|Any CPU
		{7B4EA231-DA96-45FF-A7B1-C70F5CD4A436}.Debug|Any CPU.Build.0 = Debug|Any CPU
		{7B4EA231-DA96-45FF-A7B1-C70F5CD4A436}.Release|Any CPU.ActiveCfg = Release|Any CPU
		{7B4EA231-DA96-45FF-A7B1-C70F5CD4A436}.Release|Any CPU.Build.0 = Release|Any CPU
	EndGlobalSection
	GlobalSection(SolutionProperties) = preSolution
		HideSolutionNode = FALSE
	EndGlobalSection
	GlobalSection(ExtensibilityGlobals) = postSolution
		SolutionGuid = {3101999C-FC44-487F-9E73-2682D6C5AB8F}
	EndGlobalSection
EndGlobal
